
Microsoft Visual Studio Solution File, Format Version 12.00
Project("{FAE04EC0-301F-11D3-BF4B-00C04F79EFBC}") = "IoTServer", "IoTServer\IoTServer.csproj", "{359611B7-BE17-4B5E-B1EE-4E31D2D6E83A}"
EndProject
Global
	GlobalSection(SolutionConfigurationPlatforms) = preSolution
		Debug|Any CPU = Debug|Any CPU
		Release|Any CPU = Release|Any CPU
	EndGlobalSection
	GlobalSection(ProjectConfigurationPlatforms) = postSolution
		{359611B7-BE17-4B5E-B1EE-4E31D2D6E83A}.Debug|Any CPU.ActiveCfg = Debug|Any CPU
		{359611B7-BE17-4B5E-B1EE-4E31D2D6E83A}.Debug|Any CPU.Build.0 = Debug|Any CPU
		{359611B7-BE17-4B5E-B1EE-4E31D2D6E83A}.Release|Any CPU.ActiveCfg = Release|Any CPU
		{359611B7-BE17-4B5E-B1EE-4E31D2D6E83A}.Release|Any CPU.Build.0 = Release|Any CPU
	EndGlobalSection
EndGlobal
