
Microsoft Visual Studio Solution File, Format Version 12.00
Project("{FAE04EC0-301F-11D3-BF4B-00C04F79EFBC}") = "MosquittoClientDotnetCore", "MosquittoClientDotnetCore\MosquittoClientDotnetCore.csproj", "{F13960EA-78E4-4779-8A81-1C06BADB4C21}"
EndProject
Global
	GlobalSection(SolutionConfigurationPlatforms) = preSolution
		Debug|Any CPU = Debug|Any CPU
		Release|Any CPU = Release|Any CPU
	EndGlobalSection
	GlobalSection(ProjectConfigurationPlatforms) = postSolution
		{F13960EA-78E4-4779-8A81-1C06BADB4C21}.Debug|Any CPU.ActiveCfg = Debug|Any CPU
		{F13960EA-78E4-4779-8A81-1C06BADB4C21}.Debug|Any CPU.Build.0 = Debug|Any CPU
		{F13960EA-78E4-4779-8A81-1C06BADB4C21}.Release|Any CPU.ActiveCfg = Release|Any CPU
		{F13960EA-78E4-4779-8A81-1C06BADB4C21}.Release|Any CPU.Build.0 = Release|Any CPU
	EndGlobalSection
EndGlobal
